// !$*UTF8*$!
{
	archiveVersion = 1;
	classes = {
	};
	objectVersion = 55;
	objects = {

/* Begin PBXBuildFile section */
		3B0D2B487DECDB0D9D10A78C /* Pods_MarvelApp.framework in Frameworks */ = {isa = PBXBuildFile; fileRef = E55A27BAAE5D2989DD91AFBD /* Pods_MarvelApp.framework */; };
		4A7782BB2797242A00C23022 /* data.json in Resources */ = {isa = PBXBuildFile; fileRef = 4A7782BA2797242A00C23022 /* data.json */; };
		4AE226A32796BB800040161F /* AppDelegate.swift in Sources */ = {isa = PBXBuildFile; fileRef = 4AE226A22796BB800040161F /* AppDelegate.swift */; };
		4AE226A52796BB800040161F /* SceneDelegate.swift in Sources */ = {isa = PBXBuildFile; fileRef = 4AE226A42796BB800040161F /* SceneDelegate.swift */; };
		4AE226A72796BB800040161F /* CharacterListVC.swift in Sources */ = {isa = PBXBuildFile; fileRef = 4AE226A62796BB800040161F /* CharacterListVC.swift */; };
		4AE226AA2796BB800040161F /* Main.storyboard in Resources */ = {isa = PBXBuildFile; fileRef = 4AE226A82796BB800040161F /* Main.storyboard */; };
		4AE226AC2796BB810040161F /* Assets.xcassets in Resources */ = {isa = PBXBuildFile; fileRef = 4AE226AB2796BB810040161F /* Assets.xcassets */; };
		4AE226AF2796BB810040161F /* LaunchScreen.storyboard in Resources */ = {isa = PBXBuildFile; fileRef = 4AE226AD2796BB810040161F /* LaunchScreen.storyboard */; };
		4AE226BB2796BC480040161F /* CharacterInfoVC.swift in Sources */ = {isa = PBXBuildFile; fileRef = 4AE226BA2796BC480040161F /* CharacterInfoVC.swift */; };
		4AE226BD2796BE430040161F /* CharacterCell.swift in Sources */ = {isa = PBXBuildFile; fileRef = 4AE226BC2796BE430040161F /* CharacterCell.swift */; };
		4AE226BF2796C2810040161F /* CharacterModel.swift in Sources */ = {isa = PBXBuildFile; fileRef = 4AE226BE2796C2810040161F /* CharacterModel.swift */; };
		4AE226C12796C2990040161F /* UrlClass.swift in Sources */ = {isa = PBXBuildFile; fileRef = 4AE226C02796C2990040161F /* UrlClass.swift */; };
		4AE226C32796D1C60040161F /* Keys.swift in Sources */ = {isa = PBXBuildFile; fileRef = 4AE226C22796D1C60040161F /* Keys.swift */; };
/* End PBXBuildFile section */

/* Begin PBXFileReference section */
		29E2B4D610426570488C3563 /* Pods-MarvelApp.release.xcconfig */ = {isa = PBXFileReference; includeInIndex = 1; lastKnownFileType = text.xcconfig; name = "Pods-MarvelApp.release.xcconfig"; path = "Target Support Files/Pods-MarvelApp/Pods-MarvelApp.release.xcconfig"; sourceTree = "<group>"; };
		4A7782BA2797242A00C23022 /* data.json */ = {isa = PBXFileReference; fileEncoding = 4; lastKnownFileType = text.json; path = data.json; sourceTree = "<group>"; };
		4AE2269F2796BB800040161F /* MarvelApp.app */ = {isa = PBXFileReference; explicitFileType = wrapper.application; includeInIndex = 0; path = MarvelApp.app; sourceTree = BUILT_PRODUCTS_DIR; };
		4AE226A22796BB800040161F /* AppDelegate.swift */ = {isa = PBXFileReference; lastKnownFileType = sourcecode.swift; path = AppDelegate.swift; sourceTree = "<group>"; };
		4AE226A42796BB800040161F /* SceneDelegate.swift */ = {isa = PBXFileReference; lastKnownFileType = sourcecode.swift; path = SceneDelegate.swift; sourceTree = "<group>"; };
		4AE226A62796BB800040161F /* CharacterListVC.swift */ = {isa = PBXFileReference; lastKnownFileType = sourcecode.swift; path = CharacterListVC.swift; sourceTree = "<group>"; };
		4AE226A92796BB800040161F /* Base */ = {isa = PBXFileReference; lastKnownFileType = file.storyboard; name = Base; path = Base.lproj/Main.storyboard; sourceTree = "<group>"; };
		4AE226AB2796BB810040161F /* Assets.xcassets */ = {isa = PBXFileReference; lastKnownFileType = folder.assetcatalog; path = Assets.xcassets; sourceTree = "<group>"; };
		4AE226AE2796BB810040161F /* Base */ = {isa = PBXFileReference; lastKnownFileType = file.storyboard; name = Base; path = Base.lproj/LaunchScreen.storyboard; sourceTree = "<group>"; };
		4AE226B02796BB810040161F /* Info.plist */ = {isa = PBXFileReference; lastKnownFileType = text.plist.xml; path = Info.plist; sourceTree = "<group>"; };
		4AE226BA2796BC480040161F /* CharacterInfoVC.swift */ = {isa = PBXFileReference; lastKnownFileType = sourcecode.swift; path = CharacterInfoVC.swift; sourceTree = "<group>"; };
		4AE226BC2796BE430040161F /* CharacterCell.swift */ = {isa = PBXFileReference; lastKnownFileType = sourcecode.swift; path = CharacterCell.swift; sourceTree = "<group>"; };
		4AE226BE2796C2810040161F /* CharacterModel.swift */ = {isa = PBXFileReference; lastKnownFileType = sourcecode.swift; path = CharacterModel.swift; sourceTree = "<group>"; };
		4AE226C02796C2990040161F /* UrlClass.swift */ = {isa = PBXFileReference; lastKnownFileType = sourcecode.swift; path = UrlClass.swift; sourceTree = "<group>"; };
		4AE226C22796D1C60040161F /* Keys.swift */ = {isa = PBXFileReference; lastKnownFileType = sourcecode.swift; path = Keys.swift; sourceTree = "<group>"; };
		A4F9F1640A573BFB141840E9 /* Pods-MarvelApp.debug.xcconfig */ = {isa = PBXFileReference; includeInIndex = 1; lastKnownFileType = text.xcconfig; name = "Pods-MarvelApp.debug.xcconfig"; path = "Target Support Files/Pods-MarvelApp/Pods-MarvelApp.debug.xcconfig"; sourceTree = "<group>"; };
		E55A27BAAE5D2989DD91AFBD /* Pods_MarvelApp.framework */ = {isa = PBXFileReference; explicitFileType = wrapper.framework; includeInIndex = 0; path = Pods_MarvelApp.framework; sourceTree = BUILT_PRODUCTS_DIR; };
/* End PBXFileReference section */

/* Begin PBXFrameworksBuildPhase section */
		4AE2269C2796BB800040161F /* Frameworks */ = {
			isa = PBXFrameworksBuildPhase;
			buildActionMask = 2147483647;
			files = (
				3B0D2B487DECDB0D9D10A78C /* Pods_MarvelApp.framework in Frameworks */,
			);
			runOnlyForDeploymentPostprocessing = 0;
		};
/* End PBXFrameworksBuildPhase section */

/* Begin PBXGroup section */
		4AE226962796BB800040161F = {
			isa = PBXGroup;
			children = (
				4AE226A12796BB800040161F /* MarvelApp */,
				4AE226A02796BB800040161F /* Products */,
				714E53359BE8D12CDB5D8065 /* Pods */,
				F0C49B90133FD336760EEB88 /* Frameworks */,
			);
			sourceTree = "<group>";
		};
		4AE226A02796BB800040161F /* Products */ = {
			isa = PBXGroup;
			children = (
				4AE2269F2796BB800040161F /* MarvelApp.app */,
			);
			name = Products;
			sourceTree = "<group>";
		};
		4AE226A12796BB800040161F /* MarvelApp */ = {
			isa = PBXGroup;
			children = (
				4AE226B62796BB930040161F /* Delegates */,
				4AE226B72796BBA80040161F /* Model */,
				4AE226B82796BBB10040161F /* View */,
				4AE226B92796BBB60040161F /* Controller */,
				4AE226A82796BB800040161F /* Main.storyboard */,
				4AE226AB2796BB810040161F /* Assets.xcassets */,
				4AE226AD2796BB810040161F /* LaunchScreen.storyboard */,
				4AE226B02796BB810040161F /* Info.plist */,
			);
			path = MarvelApp;
			sourceTree = "<group>";
		};
		4AE226B62796BB930040161F /* Delegates */ = {
			isa = PBXGroup;
			children = (
				4AE226A42796BB800040161F /* SceneDelegate.swift */,
				4AE226A22796BB800040161F /* AppDelegate.swift */,
			);
			path = Delegates;
			sourceTree = "<group>";
		};
		4AE226B72796BBA80040161F /* Model */ = {
			isa = PBXGroup;
			children = (
				4A7782BA2797242A00C23022 /* data.json */,
				4AE226BE2796C2810040161F /* CharacterModel.swift */,
				4AE226C02796C2990040161F /* UrlClass.swift */,
				4AE226C22796D1C60040161F /* Keys.swift */,
			);
			path = Model;
			sourceTree = "<group>";
		};
		4AE226B82796BBB10040161F /* View */ = {
			isa = PBXGroup;
			children = (
				4AE226BA2796BC480040161F /* CharacterInfoVC.swift */,
				4AE226BC2796BE430040161F /* CharacterCell.swift */,
			);
			path = View;
			sourceTree = "<group>";
		};
		4AE226B92796BBB60040161F /* Controller */ = {
			isa = PBXGroup;
			children = (
				4AE226A62796BB800040161F /* CharacterListVC.swift */,
			);
			path = Controller;
			sourceTree = "<group>";
		};
		714E53359BE8D12CDB5D8065 /* Pods */ = {
			isa = PBXGroup;
			children = (
				A4F9F1640A573BFB141840E9 /* Pods-MarvelApp.debug.xcconfig */,
				29E2B4D610426570488C3563 /* Pods-MarvelApp.release.xcconfig */,
			);
			name = Pods;
			path = Pods;
			sourceTree = "<group>";
		};
		F0C49B90133FD336760EEB88 /* Frameworks */ = {
			isa = PBXGroup;
			children = (
				E55A27BAAE5D2989DD91AFBD /* Pods_MarvelApp.framework */,
			);
			name = Frameworks;
			sourceTree = "<group>";
		};
/* End PBXGroup section */

/* Begin PBXNativeTarget section */
		4AE2269E2796BB800040161F /* MarvelApp */ = {
			isa = PBXNativeTarget;
			buildConfigurationList = 4AE226B32796BB810040161F /* Build configuration list for PBXNativeTarget "MarvelApp" */;
			buildPhases = (
				5BF5B4D53E5BDD871888235F /* [CP] Check Pods Manifest.lock */,
				4AE2269B2796BB800040161F /* Sources */,
				4AE2269C2796BB800040161F /* Frameworks */,
				4AE2269D2796BB800040161F /* Resources */,
				CC920366201B9CBFEF9A5B67 /* [CP] Embed Pods Frameworks */,
			);
			buildRules = (
			);
			dependencies = (
			);
			name = MarvelApp;
			productName = MarvelApp;
			productReference = 4AE2269F2796BB800040161F /* MarvelApp.app */;
			productType = "com.apple.product-type.application";
		};
/* End PBXNativeTarget section */

/* Begin PBXProject section */
		4AE226972796BB800040161F /* Project object */ = {
			isa = PBXProject;
			attributes = {
				BuildIndependentTargetsInParallel = 1;
				LastSwiftUpdateCheck = 1300;
				LastUpgradeCheck = 1300;
				TargetAttributes = {
					4AE2269E2796BB800040161F = {
						CreatedOnToolsVersion = 13.0;
					};
				};
			};
			buildConfigurationList = 4AE2269A2796BB800040161F /* Build configuration list for PBXProject "MarvelApp" */;
			compatibilityVersion = "Xcode 13.0";
			developmentRegion = en;
			hasScannedForEncodings = 0;
			knownRegions = (
				en,
				Base,
			);
			mainGroup = 4AE226962796BB800040161F;
			productRefGroup = 4AE226A02796BB800040161F /* Products */;
			projectDirPath = "";
			projectRoot = "";
			targets = (
				4AE2269E2796BB800040161F /* MarvelApp */,
			);
		};
/* End PBXProject section */

/* Begin PBXResourcesBuildPhase section */
		4AE2269D2796BB800040161F /* Resources */ = {
			isa = PBXResourcesBuildPhase;
			buildActionMask = 2147483647;
			files = (
				4AE226AF2796BB810040161F /* LaunchScreen.storyboard in Resources */,
				4AE226AC2796BB810040161F /* Assets.xcassets in Resources */,
				4AE226AA2796BB800040161F /* Main.storyboard in Resources */,
				4A7782BB2797242A00C23022 /* data.json in Resources */,
			);
			runOnlyForDeploymentPostprocessing = 0;
		};
/* End PBXResourcesBuildPhase section */

/* Begin PBXShellScriptBuildPhase section */
		5BF5B4D53E5BDD871888235F /* [CP] Check Pods Manifest.lock */ = {
			isa = PBXShellScriptBuildPhase;
			buildActionMask = 2147483647;
			files = (
			);
			inputFileListPaths = (
			);
			inputPaths = (
				"${PODS_PODFILE_DIR_PATH}/Podfile.lock",
				"${PODS_ROOT}/Manifest.lock",
			);
			name = "[CP] Check Pods Manifest.lock";
			outputFileListPaths = (
			);
			outputPaths = (
				"$(DERIVED_FILE_DIR)/Pods-MarvelApp-checkManifestLockResult.txt",
			);
			runOnlyForDeploymentPostprocessing = 0;
			shellPath = /bin/sh;
			shellScript = "diff \"${PODS_PODFILE_DIR_PATH}/Podfile.lock\" \"${PODS_ROOT}/Manifest.lock\" > /dev/null\nif [ $? != 0 ] ; then\n    # print error to STDERR\n    echo \"error: The sandbox is not in sync with the Podfile.lock. Run 'pod install' or update your CocoaPods installation.\" >&2\n    exit 1\nfi\n# This output is used by Xcode 'outputs' to avoid re-running this script phase.\necho \"SUCCESS\" > \"${SCRIPT_OUTPUT_FILE_0}\"\n";
			showEnvVarsInLog = 0;
		};
		CC920366201B9CBFEF9A5B67 /* [CP] Embed Pods Frameworks */ = {
			isa = PBXShellScriptBuildPhase;
			buildActionMask = 2147483647;
			files = (
			);
			inputFileListPaths = (
				"${PODS_ROOT}/Target Support Files/Pods-MarvelApp/Pods-MarvelApp-frameworks-${CONFIGURATION}-input-files.xcfilelist",
			);
			name = "[CP] Embed Pods Frameworks";
			outputFileListPaths = (
				"${PODS_ROOT}/Target Support Files/Pods-MarvelApp/Pods-MarvelApp-frameworks-${CONFIGURATION}-output-files.xcfilelist",
			);
			runOnlyForDeploymentPostprocessing = 0;
			shellPath = /bin/sh;
			shellScript = "\"${PODS_ROOT}/Target Support Files/Pods-MarvelApp/Pods-MarvelApp-frameworks.sh\"\n";
			showEnvVarsInLog = 0;
		};
/* End PBXShellScriptBuildPhase section */

/* Begin PBXSourcesBuildPhase section */
		4AE2269B2796BB800040161F /* Sources */ = {
			isa = PBXSourcesBuildPhase;
			buildActionMask = 2147483647;
			files = (
				4AE226BD2796BE430040161F /* CharacterCell.swift in Sources */,
				4AE226C32796D1C60040161F /* Keys.swift in Sources */,
				4AE226C12796C2990040161F /* UrlClass.swift in Sources */,
				4AE226A72796BB800040161F /* CharacterListVC.swift in Sources */,
				4AE226A32796BB800040161F /* AppDelegate.swift in Sources */,
				4AE226BF2796C2810040161F /* CharacterModel.swift in Sources */,
				4AE226BB2796BC480040161F /* CharacterInfoVC.swift in Sources */,
				4AE226A52796BB800040161F /* SceneDelegate.swift in Sources */,
			);
			runOnlyForDeploymentPostprocessing = 0;
		};
/* End PBXSourcesBuildPhase section */

/* Begin PBXVariantGroup section */
		4AE226A82796BB800040161F /* Main.storyboard */ = {
			isa = PBXVariantGroup;
			children = (
				4AE226A92796BB800040161F /* Base */,
			);
			name = Main.storyboard;
			sourceTree = "<group>";
		};
		4AE226AD2796BB810040161F /* LaunchScreen.storyboard */ = {
			isa = PBXVariantGroup;
			children = (
				4AE226AE2796BB810040161F /* Base */,
			);
			name = LaunchScreen.storyboard;
			sourceTree = "<group>";
		};
/* End PBXVariantGroup section */

/* Begin XCBuildConfiguration section */
		4AE226B12796BB810040161F /* Debug */ = {
			isa = XCBuildConfiguration;
			buildSettings = {
				ALWAYS_SEARCH_USER_PATHS = NO;
				CLANG_ANALYZER_NONNULL = YES;
				CLANG_ANALYZER_NUMBER_OBJECT_CONVERSION = YES_AGGRESSIVE;
				CLANG_CXX_LANGUAGE_STANDARD = "gnu++17";
				CLANG_CXX_LIBRARY = "libc++";
				CLANG_ENABLE_MODULES = YES;
				CLANG_ENABLE_OBJC_ARC = YES;
				CLANG_ENABLE_OBJC_WEAK = YES;
				CLANG_WARN_BLOCK_CAPTURE_AUTORELEASING = YES;
				CLANG_WARN_BOOL_CONVERSION = YES;
				CLANG_WARN_COMMA = YES;
				CLANG_WARN_CONSTANT_CONVERSION = YES;
				CLANG_WARN_DEPRECATED_OBJC_IMPLEMENTATIONS = YES;
				CLANG_WARN_DIRECT_OBJC_ISA_USAGE = YES_ERROR;
				CLANG_WARN_DOCUMENTATION_COMMENTS = YES;
				CLANG_WARN_EMPTY_BODY = YES;
				CLANG_WARN_ENUM_CONVERSION = YES;
				CLANG_WARN_INFINITE_RECURSION = YES;
				CLANG_WARN_INT_CONVERSION = YES;
				CLANG_WARN_NON_LITERAL_NULL_CONVERSION = YES;
				CLANG_WARN_OBJC_IMPLICIT_RETAIN_SELF = YES;
				CLANG_WARN_OBJC_LITERAL_CONVERSION = YES;
				CLANG_WARN_OBJC_ROOT_CLASS = YES_ERROR;
				CLANG_WARN_QUOTED_INCLUDE_IN_FRAMEWORK_HEADER = YES;
				CLANG_WARN_RANGE_LOOP_ANALYSIS = YES;
				CLANG_WARN_STRICT_PROTOTYPES = YES;
				CLANG_WARN_SUSPICIOUS_MOVE = YES;
				CLANG_WARN_UNGUARDED_AVAILABILITY = YES_AGGRESSIVE;
				CLANG_WARN_UNREACHABLE_CODE = YES;
				CLANG_WARN__DUPLICATE_METHOD_MATCH = YES;
				COPY_PHASE_STRIP = NO;
				DEBUG_INFORMATION_FORMAT = dwarf;
				ENABLE_STRICT_OBJC_MSGSEND = YES;
				ENABLE_TESTABILITY = YES;
				GCC_C_LANGUAGE_STANDARD = gnu11;
				GCC_DYNAMIC_NO_PIC = NO;
				GCC_NO_COMMON_BLOCKS = YES;
				GCC_OPTIMIZATION_LEVEL = 0;
				GCC_PREPROCESSOR_DEFINITIONS = (
					"DEBUG=1",
					"$(inherited)",
				);
				GCC_WARN_64_TO_32_BIT_CONVERSION = YES;
				GCC_WARN_ABOUT_RETURN_TYPE = YES_ERROR;
				GCC_WARN_UNDECLARED_SELECTOR = YES;
				GCC_WARN_UNINITIALIZED_AUTOS = YES_AGGRESSIVE;
				GCC_WARN_UNUSED_FUNCTION = YES;
				GCC_WARN_UNUSED_VARIABLE = YES;
				IPHONEOS_DEPLOYMENT_TARGET = 15.0;
				MTL_ENABLE_DEBUG_INFO = INCLUDE_SOURCE;
				MTL_FAST_MATH = YES;
				ONLY_ACTIVE_ARCH = YES;
				SDKROOT = iphoneos;
				SWIFT_ACTIVE_COMPILATION_CONDITIONS = DEBUG;
				SWIFT_OPTIMIZATION_LEVEL = "-Onone";
			};
			name = Debug;
		};
		4AE226B22796BB810040161F /* Release */ = {
			isa = XCBuildConfiguration;
			buildSettings = {
				ALWAYS_SEARCH_USER_PATHS = NO;
				CLANG_ANALYZER_NONNULL = YES;
				CLANG_ANALYZER_NUMBER_OBJECT_CONVERSION = YES_AGGRESSIVE;
				CLANG_CXX_LANGUAGE_STANDARD = "gnu++17";
				CLANG_CXX_LIBRARY = "libc++";
				CLANG_ENABLE_MODULES = YES;
				CLANG_ENABLE_OBJC_ARC = YES;
				CLANG_ENABLE_OBJC_WEAK = YES;
				CLANG_WARN_BLOCK_CAPTURE_AUTORELEASING = YES;
				CLANG_WARN_BOOL_CONVERSION = YES;
				CLANG_WARN_COMMA = YES;
				CLANG_WARN_CONSTANT_CONVERSION = YES;
				CLANG_WARN_DEPRECATED_OBJC_IMPLEMENTATIONS = YES;
				CLANG_WARN_DIRECT_OBJC_ISA_USAGE = YES_ERROR;
				CLANG_WARN_DOCUMENTATION_COMMENTS = YES;
				CLANG_WARN_EMPTY_BODY = YES;
				CLANG_WARN_ENUM_CONVERSION = YES;
				CLANG_WARN_INFINITE_RECURSION = YES;
				CLANG_WARN_INT_CONVERSION = YES;
				CLANG_WARN_NON_LITERAL_NULL_CONVERSION = YES;
				CLANG_WARN_OBJC_IMPLICIT_RETAIN_SELF = YES;
				CLANG_WARN_OBJC_LITERAL_CONVERSION = YES;
				CLANG_WARN_OBJC_ROOT_CLASS = YES_ERROR;
				CLANG_WARN_QUOTED_INCLUDE_IN_FRAMEWORK_HEADER = YES;
				CLANG_WARN_RANGE_LOOP_ANALYSIS = YES;
				CLANG_WARN_STRICT_PROTOTYPES = YES;
				CLANG_WARN_SUSPICIOUS_MOVE = YES;
				CLANG_WARN_UNGUARDED_AVAILABILITY = YES_AGGRESSIVE;
				CLANG_WARN_UNREACHABLE_CODE = YES;
				CLANG_WARN__DUPLICATE_METHOD_MATCH = YES;
				COPY_PHASE_STRIP = NO;
				DEBUG_INFORMATION_FORMAT = "dwarf-with-dsym";
				ENABLE_NS_ASSERTIONS = NO;
				ENABLE_STRICT_OBJC_MSGSEND = YES;
				GCC_C_LANGUAGE_STANDARD = gnu11;
				GCC_NO_COMMON_BLOCKS = YES;
				GCC_WARN_64_TO_32_BIT_CONVERSION = YES;
				GCC_WARN_ABOUT_RETURN_TYPE = YES_ERROR;
				GCC_WARN_UNDECLARED_SELECTOR = YES;
				GCC_WARN_UNINITIALIZED_AUTOS = YES_AGGRESSIVE;
				GCC_WARN_UNUSED_FUNCTION = YES;
				GCC_WARN_UNUSED_VARIABLE = YES;
				IPHONEOS_DEPLOYMENT_TARGET = 15.0;
				MTL_ENABLE_DEBUG_INFO = NO;
				MTL_FAST_MATH = YES;
				SDKROOT = iphoneos;
				SWIFT_COMPILATION_MODE = wholemodule;
				SWIFT_OPTIMIZATION_LEVEL = "-O";
				VALIDATE_PRODUCT = YES;
			};
			name = Release;
		};
		4AE226B42796BB810040161F /* Debug */ = {
			isa = XCBuildConfiguration;
			baseConfigurationReference = A4F9F1640A573BFB141840E9 /* Pods-MarvelApp.debug.xcconfig */;
			buildSettings = {
				ASSETCATALOG_COMPILER_APPICON_NAME = AppIcon;
				ASSETCATALOG_COMPILER_GLOBAL_ACCENT_COLOR_NAME = AccentColor;
				CODE_SIGN_STYLE = Automatic;
				CURRENT_PROJECT_VERSION = 1;
				DEVELOPMENT_TEAM = MZ734Q5998;
				GENERATE_INFOPLIST_FILE = YES;
				INFOPLIST_FILE = MarvelApp/Info.plist;
				INFOPLIST_KEY_UIApplicationSupportsIndirectInputEvents = YES;
				INFOPLIST_KEY_UILaunchStoryboardName = LaunchScreen;
				INFOPLIST_KEY_UIMainStoryboardFile = Main;
				INFOPLIST_KEY_UISupportedInterfaceOrientations_iPad = "UIInterfaceOrientationPortrait UIInterfaceOrientationPortraitUpsideDown UIInterfaceOrientationLandscapeLeft UIInterfaceOrientationLandscapeRight";
				INFOPLIST_KEY_UISupportedInterfaceOrientations_iPhone = "UIInterfaceOrientationPortrait UIInterfaceOrientationLandscapeLeft UIInterfaceOrientationLandscapeRight";
				LD_RUNPATH_SEARCH_PATHS = (
					"$(inherited)",
					"@executable_path/Frameworks",
				);
				MARKETING_VERSION = 1.0;
				PRODUCT_BUNDLE_IDENTIFIER = com.onuralpyahnici.MarvelApp;
				PRODUCT_NAME = "$(TARGET_NAME)";
				SWIFT_EMIT_LOC_STRINGS = YES;
				SWIFT_VERSION = 5.0;
				TARGETED_DEVICE_FAMILY = "1,2";
			};
			name = Debug;
		};
		4AE226B52796BB810040161F /* Release */ = {
			isa = XCBuildConfiguration;
			baseConfigurationReference = 29E2B4D610426570488C3563 /* Pods-MarvelApp.release.xcconfig */;
			buildSettings = {
				ASSETCATALOG_COMPILER_APPICON_NAME = AppIcon;
				ASSETCATALOG_COMPILER_GLOBAL_ACCENT_COLOR_NAME = AccentColor;
				CODE_SIGN_STYLE = Automatic;
				CURRENT_PROJECT_VERSION = 1;
				DEVELOPMENT_TEAM = MZ734Q5998;
				GENERATE_INFOPLIST_FILE = YES;
				INFOPLIST_FILE = MarvelApp/Info.plist;
				INFOPLIST_KEY_UIApplicationSupportsIndirectInputEvents = YES;
				INFOPLIST_KEY_UILaunchStoryboardName = LaunchScreen;
				INFOPLIST_KEY_UIMainStoryboardFile = Main;
				INFOPLIST_KEY_UISupportedInterfaceOrientations_iPad = "UIInterfaceOrientationPortrait UIInterfaceOrientationPortraitUpsideDown UIInterfaceOrientationLandscapeLeft UIInterfaceOrientationLandscapeRight";
				INFOPLIST_KEY_UISupportedInterfaceOrientations_iPhone = "UIInterfaceOrientationPortrait UIInterfaceOrientationLandscapeLeft UIInterfaceOrientationLandscapeRight";
				LD_RUNPATH_SEARCH_PATHS = (
					"$(inherited)",
					"@executable_path/Frameworks",
				);
				MARKETING_VERSION = 1.0;
				PRODUCT_BUNDLE_IDENTIFIER = com.onuralpyahnici.MarvelApp;
				PRODUCT_NAME = "$(TARGET_NAME)";
				SWIFT_EMIT_LOC_STRINGS = YES;
				SWIFT_VERSION = 5.0;
				TARGETED_DEVICE_FAMILY = "1,2";
			};
			name = Release;
		};
/* End XCBuildConfiguration section */

/* Begin XCConfigurationList section */
		4AE2269A2796BB800040161F /* Build configuration list for PBXProject "MarvelApp" */ = {
			isa = XCConfigurationList;
			buildConfigurations = (
				4AE226B12796BB810040161F /* Debug */,
				4AE226B22796BB810040161F /* Release */,
			);
			defaultConfigurationIsVisible = 0;
			defaultConfigurationName = Release;
		};
		4AE226B32796BB810040161F /* Build configuration list for PBXNativeTarget "MarvelApp" */ = {
			isa = XCConfigurationList;
			buildConfigurations = (
				4AE226B42796BB810040161F /* Debug */,
				4AE226B52796BB810040161F /* Release */,
			);
			defaultConfigurationIsVisible = 0;
			defaultConfigurationName = Release;
		};
/* End XCConfigurationList section */
	};
	rootObject = 4AE226972796BB800040161F /* Project object */;
}
